# This file is autogenerated, do not edit; changes may be undone by the next 'dep ensure'.


[[projects]]
  name = "github.com/jinzhu/gorm"
  packages = ["."]
  revision = "6ed508ec6a4ecb3531899a69cbc746ccf65a4166"
  version = "v1.9.1"

[[projects]]
  branch = "master"
  name = "github.com/jinzhu/inflection"
  packages = ["."]
  revision = "04140366298a54a039076d798123ffa108fff46c"

[[projects]]
  branch = "master"
  name = "github.com/jinzhu/now"
  packages = ["."]
  revision = "ed742868f2aebdb1c0c437bf4f7257f88834b66f"

[[projects]]
  name = "github.com/kr/pretty"
  packages = ["."]
  revision = "73f6ac0b30a98e433b289500d779f50c1a6f0712"
  version = "v0.1.0"

[[projects]]
  name = "github.com/kr/text"
  packages = ["."]
  revision = "e2ffdb16a802fe2bb95e2e35ff34f0e53aeef34f"
  version = "v0.1.0"

[[projects]]
  name = "github.com/mattn/go-sqlite3"
  packages = ["."]
  revision = "25ecb14adfc7543176f7d85291ec7dba82c6f7e4"
  version = "v1.9.0"

[[projects]]
  branch = "master"
  name = "github.com/microcosm-cc/bluemonday"
  packages = ["."]
  revision = "f0761eb8ed07c1cc892ef631b00c33463b9b6868"

[[projects]]
  name = "github.com/qor/admin"
  packages = ["."]
  revision = "a5c271dab2795bb9d7f855194ec0408355120e69"
  version = "v1.0"

[[projects]]
  name = "github.com/qor/qor"
  packages = [
    ".",
    "resource",
    "utils"
  ]
  revision = "d1402d1caffb8f9c05d73fa5bfaae2853c4191fb"
  version = "v1.0"

[[projects]]
  name = "github.com/qor/responder"
  packages = ["."]
  revision = "ecae0be66c1a6a441001b0b5eeef51f8bc27d42a"
  version = "v1.0"

[[projects]]
  name = "github.com/qor/roles"
  packages = ["."]
  revision = "f1e05694734518c0ce2dc21151e0ecfccf4db8f4"
  version = "v1.0"

[[projects]]
  branch = "master"
  name = "github.com/theplant/cldr"
  packages = ["."]
  revision = "b97a4c2a76cf8ba21d1cb8ed2f4c8ee103371e2d"

[[projects]]
  branch = "master"
  name = "golang.org/x/net"
  packages = [
    "html",
    "html/atom"
  ]
  revision = "4cb1c02c05b0e749b0365f61ae859a8e0cfceed9"

[[projects]]
  name = "golang.org/x/text"
  packages = [
    "internal/gen",
    "unicode/cldr"
  ]
  revision = "f21a4dfb5e38f5895301dc265a8def02365cc3d0"
  version = "v0.3.0"

[[projects]]
  name = "gopkg.in/yaml.v2"
  packages = ["."]
  revision = "5420a8b6744d3b0345ab293f6fcba19c978f1183"
  version = "v2.2.1"

[solve-meta]
  analyzer-name = "dep"
  analyzer-version = 1
  inputs-digest = "688201eb7e556aed6ca7bcca510489e63152106c11cda87e638688710b160a17"
  solver-name = "gps-cdcl"
  solver-version = 1
