github.com/alicebob/gopher-json v0.0.0-20180125190556-5a6b3ba71ee6 h1:45bxf7AZMwWcqkLzDAQugVEwedisr5nRJ1r+7LYnv0U=
github.com/alicebob/gopher-json v0.0.0-20180125190556-5a6b3ba71ee6/go.mod h1:SGnFV6hVsYE877CKEZ6tDNTjaSXYUk6QqoIK6PrAtcc=
github.com/alicebob/miniredis v2.4.5+incompatible h1:Ml+i18wdJPeO/AqNQYpaDyStCAh7TKwLUiaUaQx0yhs=
github.com/alicebob/miniredis v2.4.5+incompatible/go.mod h1:8HZjEj4yU0dwhYHky+DxYx+6BMjkBbe5ONFIF1MXffk=
github.com/chzyer/readline v0.0.0-20180603132655-2972be24d48e/go.mod h1:nSuG5e5PlCu98SY8svDHJxuZscDgtXS6KTTbou5AhLI=
github.com/gomodule/redigo v2.0.0+incompatible h1:K/R+8tc58AaqLkqG2Ol3Qk+DR/TlNuhuh457pBFPtt0=
github.com/gomodule/redigo v2.0.0+incompatible/go.mod h1:B4C85qUVwatsJoIUNIfCRsp7qO0iAmpGFZ4EELWSbC4=
github.com/yuin/gopher-lua v0.0.0-20181109042959-a0dfe84f6227 h1:GRy+0tGtORsCA+CJUMfhLuN71eQ0LtsQRDBQKbzESdc=
github.com/yuin/gopher-lua v0.0.0-20181109042959-a0dfe84f6227/go.mod h1:fFiAh+CowNFr0NK5VASokuwKwkbacRmHsVA7Yb1Tqac=
